
Microsoft Visual Studio Solution File, Format Version 12.00
# Visual Studio Version 17
VisualStudioVersion = 17.11.35312.102
MinimumVisualStudioVersion = 10.0.40219.1
Project("{9A19103F-16F7-4668-BE54-9A1E7A4F7556}") = "Hoi4Strats", "Hoi4Strats\Hoi4Strats\Hoi4Strats.csproj", "{214256D1-DAF7-45C4-875C-638E2D2DBF68}"
EndProject
Project("{9A19103F-16F7-4668-BE54-9A1E7A4F7556}") = "Hoi4Strats.Client", "Hoi4Strats\Hoi4Strats.Client\Hoi4Strats.Client.csproj", "{3981CBC7-47DC-4507-92CA-D55E317348E1}"
EndProject
Project("{9A19103F-16F7-4668-BE54-9A1E7A4F7556}") = "SharedProj", "Shared\SharedProj.csproj", "{EAB9F1B7-FFEF-4573-A6A8-073E30F2DDF3}"
EndProject
Project("{2150E333-8FDC-42A3-9474-1A3956D46DE8}") = "Solution Items", "Solution Items", "{8EC462FD-D22E-90A8-E5CE-7E832BA40C5D}"
	ProjectSection(SolutionItems) = preProject
		.editorconfig = .editorconfig
	EndProjectSection
EndProject
Global
	GlobalSection(SolutionConfigurationPlatforms) = preSolution
		Debug|Any CPU = Debug|Any CPU
		Release|Any CPU = Release|Any CPU
	EndGlobalSection
	GlobalSection(ProjectConfigurationPlatforms) = postSolution
		{214256D1-DAF7-45C4-875C-638E2D2DBF68}.Debug|Any CPU.ActiveCfg = Debug|Any CPU
		{214256D1-DAF7-45C4-875C-638E2D2DBF68}.Debug|Any CPU.Build.0 = Debug|Any CPU
		{214256D1-DAF7-45C4-875C-638E2D2DBF68}.Release|Any CPU.ActiveCfg = Release|Any CPU
		{214256D1-DAF7-45C4-875C-638E2D2DBF68}.Release|Any CPU.Build.0 = Release|Any CPU
		{3981CBC7-47DC-4507-92CA-D55E317348E1}.Debug|Any CPU.ActiveCfg = Debug|Any CPU
		{3981CBC7-47DC-4507-92CA-D55E317348E1}.Debug|Any CPU.Build.0 = Debug|Any CPU
		{3981CBC7-47DC-4507-92CA-D55E317348E1}.Release|Any CPU.ActiveCfg = Release|Any CPU
		{3981CBC7-47DC-4507-92CA-D55E317348E1}.Release|Any CPU.Build.0 = Release|Any CPU
		{EAB9F1B7-FFEF-4573-A6A8-073E30F2DDF3}.Debug|Any CPU.ActiveCfg = Debug|Any CPU
		{EAB9F1B7-FFEF-4573-A6A8-073E30F2DDF3}.Debug|Any CPU.Build.0 = Debug|Any CPU
		{EAB9F1B7-FFEF-4573-A6A8-073E30F2DDF3}.Release|Any CPU.ActiveCfg = Release|Any CPU
		{EAB9F1B7-FFEF-4573-A6A8-073E30F2DDF3}.Release|Any CPU.Build.0 = Release|Any CPU
	EndGlobalSection
	GlobalSection(SolutionProperties) = preSolution
		HideSolutionNode = FALSE
	EndGlobalSection
	GlobalSection(ExtensibilityGlobals) = postSolution
		SolutionGuid = {51D73EB4-E8E3-4E1D-B60D-D243B6277263}
	EndGlobalSection
EndGlobal
